
Microsoft Visual Studio Solution File, Format Version 12.00
# Visual Studio 15
VisualStudioVersion = 15.0.27703.2042
MinimumVisualStudioVersion = 10.0.40219.1
Project("{FAE04EC0-301F-11D3-BF4B-00C04F79EFBC}") = "Fibonacci", "Fibonacci\Fibonacci.csproj", "{9659E2BA-D866-4812-B9EF-65F49BDD428B}"
EndProject
Global
	GlobalSection(SolutionConfigurationPlatforms) = preSolution
		Debug|Any CPU = Debug|Any CPU
		Release|Any CPU = Release|Any CPU
	EndGlobalSection
	GlobalSection(ProjectConfigurationPlatforms) = postSolution
		{9659E2BA-D866-4812-B9EF-65F49BDD428B}.Debug|Any CPU.ActiveCfg = Debug|Any CPU
		{9659E2BA-D866-4812-B9EF-65F49BDD428B}.Debug|Any CPU.Build.0 = Debug|Any CPU
		{9659E2BA-D866-4812-B9EF-65F49BDD428B}.Release|Any CPU.ActiveCfg = Release|Any CPU
		{9659E2BA-D866-4812-B9EF-65F49BDD428B}.Release|Any CPU.Build.0 = Release|Any CPU
	EndGlobalSection
	GlobalSection(SolutionProperties) = preSolution
		HideSolutionNode = FALSE
	EndGlobalSection
	GlobalSection(ExtensibilityGlobals) = postSolution
		SolutionGuid = {2E00FC83-E56F-4606-B983-8914E1C1F5AD}
	EndGlobalSection
EndGlobal
